{
  "nodes": {
    "MuonBDTPid": {
      "inputs": {
        "flake-utils": [
          "root-curated",
          "flake-utils"
        ],
        "nixpkgs": [
          "root-curated",
          "nixpkgs"
        ],
        "root-curated": "root-curated"
      },
      "locked": {
        "lastModified": 1655140831,
        "narHash": "sha256-8UZge8g9kuS4c4VtXtgDA/sCJA0J1FsJl5OteLQ3Y9Y=",
        "owner": "umd-lhcb",
        "repo": "MuonBDTPid",
        "rev": "b01b6945fa65d1f0d33c84dd5d900c28058e69ac",
        "type": "github"
      },
      "original": {
        "owner": "umd-lhcb",
        "repo": "MuonBDTPid",
        "type": "github"
      }
    },
    "flake-compat": {
      "flake": false,
      "locked": {
        "lastModified": 1650374568,
        "narHash": "sha256-Z+s0J8/r907g149rllvwhb4pKi8Wam5ij0st8PwAh+E=",
        "owner": "edolstra",
        "repo": "flake-compat",
        "rev": "b4a34015c698c7793d592d66adbab377907a2be8",
        "type": "github"
      },
      "original": {
        "owner": "edolstra",
        "repo": "flake-compat",
        "type": "github"
      }
    },
    "flake-utils": {
      "locked": {
        "lastModified": 1623875721,
        "narHash": "sha256-A8BU7bjS5GirpAUv4QA+QnJ4CceLHkcXdRp4xITDB0s=",
        "owner": "numtide",
        "repo": "flake-utils",
        "rev": "f7e004a55b120c02ecb6219596820fcd32ca8772",
        "type": "github"
      },
      "original": {
        "owner": "numtide",
        "repo": "flake-utils",
        "type": "github"
      }
    },
    "flake-utils_2": {
      "locked": {
        "lastModified": 1623875721,
        "narHash": "sha256-A8BU7bjS5GirpAUv4QA+QnJ4CceLHkcXdRp4xITDB0s=",
        "owner": "numtide",
        "repo": "flake-utils",
        "rev": "f7e004a55b120c02ecb6219596820fcd32ca8772",
        "type": "github"
      },
      "original": {
        "owner": "numtide",
        "repo": "flake-utils",
        "type": "github"
      }
    },
    "flake-utils_3": {
      "locked": {
        "lastModified": 1623875721,
        "narHash": "sha256-A8BU7bjS5GirpAUv4QA+QnJ4CceLHkcXdRp4xITDB0s=",
        "owner": "numtide",
        "repo": "flake-utils",
        "rev": "f7e004a55b120c02ecb6219596820fcd32ca8772",
        "type": "github"
      },
      "original": {
        "owner": "numtide",
        "repo": "flake-utils",
        "type": "github"
      }
    },
    "flake-utils_4": {
      "locked": {
        "lastModified": 1623875721,
        "narHash": "sha256-A8BU7bjS5GirpAUv4QA+QnJ4CceLHkcXdRp4xITDB0s=",
        "owner": "numtide",
        "repo": "flake-utils",
        "rev": "f7e004a55b120c02ecb6219596820fcd32ca8772",
        "type": "github"
      },
      "original": {
        "owner": "numtide",
        "repo": "flake-utils",
        "type": "github"
      }
    },
    "hammer-reweight": {
      "inputs": {
        "flake-utils": [
          "root-curated",
          "flake-utils"
        ],
        "nixpkgs": [
          "root-curated",
          "nixpkgs"
        ],
        "root-curated": "root-curated_2"
      },
      "locked": {
        "lastModified": 1655183778,
        "narHash": "sha256-zcmd/rAZ5JuVa03qnGW/RhTKN6BC7GgvyzL3HO3FTz8=",
        "owner": "umd-lhcb",
        "repo": "hammer-reweight",
        "rev": "d69c4f812a198888843e2e81b13270f9757f52cf",
        "type": "github"
      },
      "original": {
        "owner": "umd-lhcb",
        "repo": "hammer-reweight",
        "type": "github"
      }
    },
    "misid-unfold": {
      "inputs": {
        "flake-utils": [
          "root-curated",
          "flake-utils"
        ],
        "nixpkgs": [
          "root-curated",
          "nixpkgs"
        ],
        "root-curated": "root-curated_3"
      },
      "locked": {
        "lastModified": 1655183495,
        "narHash": "sha256-xgzeT3AuyjHOmHS9hrAKwIRnhfBH9b5K0u9Dws4X6EI=",
        "owner": "umd-lhcb",
        "repo": "misid-unfold",
        "rev": "3d41890136fa3a07151adf4730891053197973f8",
        "type": "github"
      },
      "original": {
        "owner": "umd-lhcb",
        "repo": "misid-unfold",
        "type": "github"
      }
    },
    "nixpkgs": {
      "locked": {
        "lastModified": 1625223284,
        "narHash": "sha256-jjLcDSU1rRiJb+n3uez23XAa7kbnPcGZTa6jIKh1GMQ=",
        "owner": "NixOS",
        "repo": "nixpkgs",
        "rev": "357d2c8f6087685fe35cb1889a005a4dd4cce7b8",
        "type": "github"
      },
      "original": {
        "id": "nixpkgs",
        "ref": "nixpkgs-unstable",
        "type": "indirect"
      }
    },
    "nixpkgs_2": {
      "locked": {
        "lastModified": 1625223284,
        "narHash": "sha256-jjLcDSU1rRiJb+n3uez23XAa7kbnPcGZTa6jIKh1GMQ=",
        "owner": "NixOS",
        "repo": "nixpkgs",
        "rev": "357d2c8f6087685fe35cb1889a005a4dd4cce7b8",
        "type": "github"
      },
      "original": {
        "id": "nixpkgs",
        "ref": "nixpkgs-unstable",
        "type": "indirect"
      }
    },
    "nixpkgs_3": {
      "locked": {
        "lastModified": 1625223284,
        "narHash": "sha256-jjLcDSU1rRiJb+n3uez23XAa7kbnPcGZTa6jIKh1GMQ=",
        "owner": "NixOS",
        "repo": "nixpkgs",
        "rev": "357d2c8f6087685fe35cb1889a005a4dd4cce7b8",
        "type": "github"
      },
      "original": {
        "id": "nixpkgs",
        "ref": "nixpkgs-unstable",
        "type": "indirect"
      }
    },
    "nixpkgs_4": {
      "locked": {
        "lastModified": 1625223284,
        "narHash": "sha256-jjLcDSU1rRiJb+n3uez23XAa7kbnPcGZTa6jIKh1GMQ=",
        "owner": "NixOS",
        "repo": "nixpkgs",
        "rev": "357d2c8f6087685fe35cb1889a005a4dd4cce7b8",
        "type": "github"
      },
      "original": {
        "id": "nixpkgs",
        "ref": "nixpkgs-unstable",
        "type": "indirect"
      }
    },
    "root": {
      "inputs": {
        "MuonBDTPid": "MuonBDTPid",
        "flake-compat": "flake-compat",
        "flake-utils": [
          "root-curated",
          "flake-utils"
        ],
        "hammer-reweight": "hammer-reweight",
        "misid-unfold": "misid-unfold",
        "nixpkgs": [
          "root-curated",
          "nixpkgs"
        ],
        "root-curated": "root-curated_4"
      }
    },
    "root-curated": {
      "inputs": {
        "flake-utils": "flake-utils",
        "nixpkgs": "nixpkgs"
      },
      "locked": {
        "lastModified": 1646378496,
        "narHash": "sha256-lug+y6YGPY7tAtbK2zTQcRLE/fSJqzm2btuTmt/l/Fs=",
        "owner": "umd-lhcb",
        "repo": "root-curated",
        "rev": "db13c39962a1c4335f177e308981cbeb0daa9db9",
        "type": "github"
      },
      "original": {
        "owner": "umd-lhcb",
        "repo": "root-curated",
        "type": "github"
      }
    },
    "root-curated_2": {
      "inputs": {
        "flake-utils": "flake-utils_2",
        "nixpkgs": "nixpkgs_2"
      },
      "locked": {
        "lastModified": 1654899980,
        "narHash": "sha256-7k7SfmhPs2YxoOQ/i+JNnsFH/3B0tEKUEjfOY7zld40=",
        "owner": "umd-lhcb",
        "repo": "root-curated",
        "rev": "4e2c19bc091578ab7aa69c554a343b2d79d0c1e1",
        "type": "github"
      },
      "original": {
        "owner": "umd-lhcb",
        "repo": "root-curated",
        "type": "github"
      }
    },
    "root-curated_3": {
      "inputs": {
        "flake-utils": "flake-utils_3",
        "nixpkgs": "nixpkgs_3"
      },
      "locked": {
        "lastModified": 1654899980,
        "narHash": "sha256-7k7SfmhPs2YxoOQ/i+JNnsFH/3B0tEKUEjfOY7zld40=",
        "owner": "umd-lhcb",
        "repo": "root-curated",
        "rev": "4e2c19bc091578ab7aa69c554a343b2d79d0c1e1",
        "type": "github"
      },
      "original": {
        "owner": "umd-lhcb",
        "repo": "root-curated",
        "type": "github"
      }
    },
    "root-curated_4": {
      "inputs": {
        "flake-utils": "flake-utils_4",
        "nixpkgs": "nixpkgs_4"
      },
      "locked": {
        "lastModified": 1655280705,
        "narHash": "sha256-tYDORRkXSaFTat4GotyJ3l6HTCkEoh8xx+zQuYgK8RI=",
        "owner": "umd-lhcb",
        "repo": "root-curated",
        "rev": "349a831c3150af6d41fb8fa97648d75b902f2a09",
        "type": "github"
      },
      "original": {
        "owner": "umd-lhcb",
        "repo": "root-curated",
        "type": "github"
      }
    }
  },
  "root": "root",
  "version": 7
}
