{
  "nodes": {
    "MuonBDTPid": {
      "inputs": {
        "flake-utils": [
          "MuonBDTPid",
          "root-curated",
          "flake-utils"
        ],
        "nixpkgs": [
          "MuonBDTPid",
          "root-curated",
          "nixpkgs"
        ],
        "root-curated": "root-curated"
      },
      "locked": {
        "lastModified": 1638325519,
        "narHash": "sha256-BWi0vESPmY2mB/XuhtjmJXcagOqCB3q7SUtBlaX1Zhw=",
        "owner": "umd-lhcb",
        "repo": "MuonBDTPid",
        "rev": "7492092cea86ce0b675fe77c018cb2e8b6330c7e",
        "type": "github"
      },
      "original": {
        "owner": "umd-lhcb",
        "repo": "MuonBDTPid",
        "type": "github"
      }
    },
    "flake-utils": {
      "locked": {
        "lastModified": 1623875721,
        "narHash": "sha256-A8BU7bjS5GirpAUv4QA+QnJ4CceLHkcXdRp4xITDB0s=",
        "owner": "numtide",
        "repo": "flake-utils",
        "rev": "f7e004a55b120c02ecb6219596820fcd32ca8772",
        "type": "github"
      },
      "original": {
        "owner": "numtide",
        "repo": "flake-utils",
        "type": "github"
      }
    },
    "flake-utils_2": {
      "locked": {
        "lastModified": 1623875721,
        "narHash": "sha256-A8BU7bjS5GirpAUv4QA+QnJ4CceLHkcXdRp4xITDB0s=",
        "owner": "numtide",
        "repo": "flake-utils",
        "rev": "f7e004a55b120c02ecb6219596820fcd32ca8772",
        "type": "github"
      },
      "original": {
        "owner": "numtide",
        "repo": "flake-utils",
        "type": "github"
      }
    },
    "flake-utils_3": {
      "locked": {
        "lastModified": 1623875721,
        "narHash": "sha256-A8BU7bjS5GirpAUv4QA+QnJ4CceLHkcXdRp4xITDB0s=",
        "owner": "numtide",
        "repo": "flake-utils",
        "rev": "f7e004a55b120c02ecb6219596820fcd32ca8772",
        "type": "github"
      },
      "original": {
        "owner": "numtide",
        "repo": "flake-utils",
        "type": "github"
      }
    },
    "hammer-reweight": {
      "inputs": {
        "flake-utils": [
          "hammer-reweight",
          "root-curated",
          "flake-utils"
        ],
        "nixpkgs": [
          "hammer-reweight",
          "root-curated",
          "nixpkgs"
        ],
        "root-curated": "root-curated_2"
      },
      "locked": {
        "lastModified": 1644460599,
        "narHash": "sha256-cIzzikuEcmFy61LnvCcv30lvstRg7QoCVhTATDILD4U=",
        "owner": "umd-lhcb",
        "repo": "hammer-reweight",
        "rev": "c5475057da5ba8910d4c19700d4da8d69a8a0cf5",
        "type": "github"
      },
      "original": {
        "owner": "umd-lhcb",
        "repo": "hammer-reweight",
        "type": "github"
      }
    },
    "nixpkgs": {
      "locked": {
        "lastModified": 1625223284,
        "narHash": "sha256-jjLcDSU1rRiJb+n3uez23XAa7kbnPcGZTa6jIKh1GMQ=",
        "owner": "NixOS",
        "repo": "nixpkgs",
        "rev": "357d2c8f6087685fe35cb1889a005a4dd4cce7b8",
        "type": "github"
      },
      "original": {
        "id": "nixpkgs",
        "ref": "nixpkgs-unstable",
        "type": "indirect"
      }
    },
    "nixpkgs_2": {
      "locked": {
        "lastModified": 1625223284,
        "narHash": "sha256-jjLcDSU1rRiJb+n3uez23XAa7kbnPcGZTa6jIKh1GMQ=",
        "owner": "NixOS",
        "repo": "nixpkgs",
        "rev": "357d2c8f6087685fe35cb1889a005a4dd4cce7b8",
        "type": "github"
      },
      "original": {
        "id": "nixpkgs",
        "ref": "nixpkgs-unstable",
        "type": "indirect"
      }
    },
    "nixpkgs_3": {
      "locked": {
        "lastModified": 1625223284,
        "narHash": "sha256-jjLcDSU1rRiJb+n3uez23XAa7kbnPcGZTa6jIKh1GMQ=",
        "owner": "NixOS",
        "repo": "nixpkgs",
        "rev": "357d2c8f6087685fe35cb1889a005a4dd4cce7b8",
        "type": "github"
      },
      "original": {
        "id": "nixpkgs",
        "ref": "nixpkgs-unstable",
        "type": "indirect"
      }
    },
    "root": {
      "inputs": {
        "MuonBDTPid": "MuonBDTPid",
        "flake-utils": [
          "root-curated",
          "flake-utils"
        ],
        "hammer-reweight": "hammer-reweight",
        "nixpkgs": [
          "root-curated",
          "nixpkgs"
        ],
        "root-curated": "root-curated_3"
      }
    },
    "root-curated": {
      "inputs": {
        "flake-utils": "flake-utils",
        "nixpkgs": "nixpkgs"
      },
      "locked": {
        "lastModified": 1631207108,
        "narHash": "sha256-SE7c+GlbgL34NDhyYgViK9cxCk9iX7qP38TKNPvASlE=",
        "owner": "umd-lhcb",
        "repo": "root-curated",
        "rev": "22e6efbec2d76a7be6f19d50f9406a31bb21eaca",
        "type": "github"
      },
      "original": {
        "owner": "umd-lhcb",
        "repo": "root-curated",
        "type": "github"
      }
    },
    "root-curated_2": {
      "inputs": {
        "flake-utils": "flake-utils_2",
        "nixpkgs": "nixpkgs_2"
      },
      "locked": {
        "lastModified": 1644372529,
        "narHash": "sha256-K4VBg6+8B3MbOYVOAKgjFcCR7/2T90NAEAonBv2mfoo=",
        "owner": "umd-lhcb",
        "repo": "root-curated",
        "rev": "e9f41d7b75657f7dd4a224a3e66769345d3285c0",
        "type": "github"
      },
      "original": {
        "owner": "umd-lhcb",
        "repo": "root-curated",
        "type": "github"
      }
    },
    "root-curated_3": {
      "inputs": {
        "flake-utils": "flake-utils_3",
        "nixpkgs": "nixpkgs_3"
      },
      "locked": {
        "lastModified": 1644372529,
        "narHash": "sha256-K4VBg6+8B3MbOYVOAKgjFcCR7/2T90NAEAonBv2mfoo=",
        "owner": "umd-lhcb",
        "repo": "root-curated",
        "rev": "e9f41d7b75657f7dd4a224a3e66769345d3285c0",
        "type": "github"
      },
      "original": {
        "owner": "umd-lhcb",
        "repo": "root-curated",
        "type": "github"
      }
    }
  },
  "root": "root",
  "version": 7
}
