{
  "nodes": {
    "flake-utils": {
      "locked": {
        "lastModified": 1620759905,
        "narHash": "sha256-WiyWawrgmyN0EdmiHyG2V+fqReiVi8bM9cRdMaKQOFg=",
        "owner": "numtide",
        "repo": "flake-utils",
        "rev": "b543720b25df6ffdfcf9227afafc5b8c1fabfae8",
        "type": "github"
      },
      "original": {
        "owner": "numtide",
        "repo": "flake-utils",
        "type": "github"
      }
    },
    "nixpkgs": {
      "locked": {
        "lastModified": 1621552131,
        "narHash": "sha256-AD/AEXv+QOYAg0PIqMYv2nbGOGTIwfOGKtz3rE+y+Tc=",
        "owner": "NixOS",
        "repo": "nixpkgs",
        "rev": "d42cd445dde587e9a993cd9434cb43da07c4c5de",
        "type": "github"
      },
      "original": {
        "owner": "NixOS",
        "ref": "nixos-unstable",
        "repo": "nixpkgs",
        "type": "github"
      }
    },
    "root": {
      "inputs": {
        "flake-utils": [
          "root-curated",
          "flake-utils"
        ],
        "nixpkgs": [
          "root-curated",
          "nixpkgs"
        ],
        "root-curated": "root-curated"
      }
    },
    "root-curated": {
      "inputs": {
        "flake-utils": "flake-utils",
        "nixpkgs": "nixpkgs"
      },
      "locked": {
        "lastModified": 1621641733,
        "narHash": "sha256-DVZ5qnmc/yaNZJwxxB4o+JKpvbjqruwSI0vSXG7eAD4=",
        "owner": "umd-lhcb",
        "repo": "root-curated",
        "rev": "a47cb579ef3e380ac56f89fe57b7d2f118c63e2c",
        "type": "github"
      },
      "original": {
        "owner": "umd-lhcb",
        "repo": "root-curated",
        "type": "github"
      }
    }
  },
  "root": "root",
  "version": 7
}
